<?xml version="1.0" encoding="utf-8"?>
<Project ToolsVersion="4.0" xmlns="http://schemas.microsoft.com/developer/msbuild/2003">
  <ItemGroup>
    <Filter Include="소스 파일">
      <UniqueIdentifier>{4FC737F1-C7A5-4376-A066-2A32D752A2FF}</UniqueIdentifier>
      <Extensions>cpp;c;cc;cxx;def;odl;idl;hpj;bat;asm;asmx</Extensions>
    </Filter>
    <Filter Include="헤더 파일">
      <UniqueIdentifier>{93995380-89BD-4b04-88EB-625FBE52EBFB}</UniqueIdentifier>
      <Extensions>h;hh;hpp;hxx;hm;inl;inc;xsd</Extensions>
    </Filter>
    <Filter Include="리소스 파일">
      <UniqueIdentifier>{67DA6AB6-F800-4c08-8B7A-83BB121AAD01}</UniqueIdentifier>
      <Extensions>rc;ico;cur;bmp;dlg;rc2;rct;bin;rgs;gif;jpg;jpeg;jpe;resx;tiff;tif;png;wav;mfcribbon-ms</Extensions>
    </Filter>
    <Filter Include="2DFrameWork">
      <UniqueIdentifier>{5234197f-ad49-4ac9-bb2e-003fdc9eb229}</UniqueIdentifier>
    </Filter>
    <Filter Include="2DFrameWork\singletonBase">
      <UniqueIdentifier>{f619dcf6-def1-48f9-8ac1-230f0f5f3856}</UniqueIdentifier>
    </Filter>
    <Filter Include="2DFrameWork\Manager">
      <UniqueIdentifier>{4ac86dce-2acf-43ea-a65d-47821ac0c599}</UniqueIdentifier>
    </Filter>
    <Filter Include="playGround">
      <UniqueIdentifier>{a58d2707-c8bc-467b-84c0-ba2c8bb43f4f}</UniqueIdentifier>
    </Filter>
    <Filter Include="2DFrameWork\UTIL">
      <UniqueIdentifier>{9b53f414-489a-4660-b8a3-ad5ed8874db4}</UniqueIdentifier>
    </Filter>
    <Filter Include="2DFrameWork\image">
      <UniqueIdentifier>{fa1f7575-52a2-4689-9688-d8706acfc56d}</UniqueIdentifier>
    </Filter>
    <Filter Include="2DFrameWork\progressBar">
      <UniqueIdentifier>{36822ca6-17d7-4835-bd80-ce67568f846b}</UniqueIdentifier>
    </Filter>
    <Filter Include="2DFrameWork\txtData">
      <UniqueIdentifier>{8623e143-7e19-4baf-ad1c-397564de311c}</UniqueIdentifier>
    </Filter>
    <Filter Include="2DFrameWork\timer">
      <UniqueIdentifier>{91229c68-6db6-4d68-9641-72d8093df10d}</UniqueIdentifier>
    </Filter>
    <Filter Include="2DFrameWork\animation">
      <UniqueIdentifier>{a8d8bda5-7796-42fa-b788-e21c2a0bd6c6}</UniqueIdentifier>
    </Filter>
    <Filter Include="2DFrameWork\effect">
      <UniqueIdentifier>{c2754b23-5a89-455e-97b8-0a1750d1f03e}</UniqueIdentifier>
    </Filter>
    <Filter Include="2DFrameWork\action">
      <UniqueIdentifier>{6a3d92fe-fdb3-41a5-9ee3-887e7646acb9}</UniqueIdentifier>
    </Filter>
    <Filter Include="2DFrameWork\button">
      <UniqueIdentifier>{4279518a-d7ff-466c-b8f2-8b4920eb3f19}</UniqueIdentifier>
    </Filter>
    <Filter Include="2DFrameWork\loading">
      <UniqueIdentifier>{7f483ec3-a54c-4652-8640-bf4202cf5a16}</UniqueIdentifier>
    </Filter>
    <Filter Include="2DFrameWork\database">
      <UniqueIdentifier>{ca70ac91-2ebd-4ae6-9ea6-c5030e64c684}</UniqueIdentifier>
    </Filter>
    <Filter Include="playGround\LINK">
      <UniqueIdentifier>{b97d3a1f-e0e9-408d-a878-c5b8c906cd37}</UniqueIdentifier>
    </Filter>
    <Filter Include="playGround\MONSTER">
      <UniqueIdentifier>{1e7c4047-e6cd-4e7c-b84e-b852eaa4b6cb}</UniqueIdentifier>
    </Filter>
    <Filter Include="playGround\UIManager">
      <UniqueIdentifier>{2a0373c9-6f42-4c30-851f-b9a4348a7e2b}</UniqueIdentifier>
    </Filter>
    <Filter Include="playGround\UIManager\SaveSlot">
      <UniqueIdentifier>{a4233564-efc2-4396-bdca-d3af57f9beaf}</UniqueIdentifier>
    </Filter>
    <Filter Include="playGround\UIManager\Minimap">
      <UniqueIdentifier>{1b44053a-035f-4b58-b423-92a41c27ac6e}</UniqueIdentifier>
    </Filter>
    <Filter Include="playGround\UIManager\Inventory">
      <UniqueIdentifier>{2860d9a0-839b-451a-b1e8-5ec1931e5fe8}</UniqueIdentifier>
    </Filter>
    <Filter Include="playGround\UIManager\StatusDisplay">
      <UniqueIdentifier>{04b7e920-96f7-41bb-8d4b-6ed88387f589}</UniqueIdentifier>
    </Filter>
    <Filter Include="playGround\scene">
      <UniqueIdentifier>{60ffc0fa-0166-4ac2-9dde-305aa4697b2f}</UniqueIdentifier>
    </Filter>
    <Filter Include="playGround\scene\gamePlay">
      <UniqueIdentifier>{e3320d04-28e5-4071-a391-7833733b783b}</UniqueIdentifier>
    </Filter>
    <Filter Include="playGround\scene\intro">
      <UniqueIdentifier>{e49eb073-8d79-404f-aae4-7a986bfb63ba}</UniqueIdentifier>
    </Filter>
    <Filter Include="playGround\scene\CharacterSelect">
      <UniqueIdentifier>{16767899-3017-4b4f-8365-06ec3afaf568}</UniqueIdentifier>
    </Filter>
    <Filter Include="playGround\ITEM">
      <UniqueIdentifier>{54917a73-43bc-449d-8902-a00655903c53}</UniqueIdentifier>
    </Filter>
    <Filter Include="playGround\NPC">
      <UniqueIdentifier>{3fc89b35-4ce8-4fb1-ae61-53c4f1cb0559}</UniqueIdentifier>
    </Filter>
    <Filter Include="playGround\OBJECT">
      <UniqueIdentifier>{f533cd4e-2489-4ff6-b06f-f33acf72f562}</UniqueIdentifier>
    </Filter>
    <Filter Include="playGround\MAPMANAGER">
      <UniqueIdentifier>{bc3fc517-c71c-462d-9673-997cc8630205}</UniqueIdentifier>
    </Filter>
    <Filter Include="playGround\EFFECT">
      <UniqueIdentifier>{fb0496d5-e80d-4650-9a76-afcdde5d8a82}</UniqueIdentifier>
    </Filter>
  </ItemGroup>
  <ItemGroup>
    <ClInclude Include="targetver.h">
      <Filter>헤더 파일</Filter>
    </ClInclude>
    <ClInclude Include="Resource.h">
      <Filter>헤더 파일</Filter>
    </ClInclude>
    <ClInclude Include="commonMacroFunction.h">
      <Filter>헤더 파일</Filter>
    </ClInclude>
    <ClInclude Include="singletonBase.h">
      <Filter>2DFrameWork\singletonBase</Filter>
    </ClInclude>
    <ClInclude Include="randomFunction.h">
      <Filter>헤더 파일</Filter>
    </ClInclude>
    <ClInclude Include="gameNode.h">
      <Filter>2DFrameWork</Filter>
    </ClInclude>
    <ClInclude Include="playGround.h">
      <Filter>playGround</Filter>
    </ClInclude>
    <ClInclude Include="keyManager.h">
      <Filter>2DFrameWork\Manager</Filter>
    </ClInclude>
    <ClInclude Include="utils.h">
      <Filter>2DFrameWork\UTIL</Filter>
    </ClInclude>
    <ClInclude Include="image.h">
      <Filter>2DFrameWork\image</Filter>
    </ClInclude>
    <ClInclude Include="imageManager.h">
      <Filter>2DFrameWork\Manager</Filter>
    </ClInclude>
    <ClInclude Include="progressBar.h">
      <Filter>2DFrameWork\progressBar</Filter>
    </ClInclude>
    <ClInclude Include="txtData.h">
      <Filter>2DFrameWork\txtData</Filter>
    </ClInclude>
    <ClInclude Include="timer.h">
      <Filter>2DFrameWork\timer</Filter>
    </ClInclude>
    <ClInclude Include="timeManager.h">
      <Filter>2DFrameWork\Manager</Filter>
    </ClInclude>
    <ClInclude Include="animation.h">
      <Filter>2DFrameWork\animation</Filter>
    </ClInclude>
    <ClInclude Include="effect.h">
      <Filter>2DFrameWork\effect</Filter>
    </ClInclude>
    <ClInclude Include="effectManager.h">
      <Filter>2DFrameWork\Manager</Filter>
    </ClInclude>
    <ClInclude Include="soundManager.h">
      <Filter>2DFrameWork\Manager</Filter>
    </ClInclude>
    <ClInclude Include="action.h">
      <Filter>2DFrameWork\action</Filter>
    </ClInclude>
    <ClInclude Include="collision.h">
      <Filter>2DFrameWork\UTIL</Filter>
    </ClInclude>
    <ClInclude Include="sceneManager.h">
      <Filter>2DFrameWork\Manager</Filter>
    </ClInclude>
    <ClInclude Include="button.h">
      <Filter>2DFrameWork\button</Filter>
    </ClInclude>
    <ClInclude Include="database.h">
      <Filter>2DFrameWork\database</Filter>
    </ClInclude>
    <ClInclude Include="explosionManager.h">
      <Filter>2DFrameWork\Manager</Filter>
    </ClInclude>
    <ClInclude Include="stdafx.h">
      <Filter>헤더 파일</Filter>
    </ClInclude>
    <ClInclude Include="streamManager.h">
      <Filter>2DFrameWork\Manager</Filter>
    </ClInclude>
    <ClInclude Include="loading.h">
      <Filter>2DFrameWork\loading</Filter>
    </ClInclude>
    <ClInclude Include="UIManager\Cursors.h">
      <Filter>playGround\UIManager</Filter>
    </ClInclude>
    <ClInclude Include="UIManager\UIManager.h">
      <Filter>playGround\UIManager</Filter>
    </ClInclude>
    <ClInclude Include="UIManager\DungeonMaps.h">
      <Filter>playGround\UIManager\Minimap</Filter>
    </ClInclude>
    <ClInclude Include="UIManager\WorldMaps.h">
      <Filter>playGround\UIManager\Minimap</Filter>
    </ClInclude>
    <ClInclude Include="UIManager\Inventories.h">
      <Filter>playGround\UIManager\Inventory</Filter>
    </ClInclude>
    <ClInclude Include="UIManager\StatusDisplays.h">
      <Filter>playGround\UIManager\StatusDisplay</Filter>
    </ClInclude>
    <ClInclude Include="link\link.h">
      <Filter>playGround\LINK</Filter>
    </ClInclude>
    <ClInclude Include="scene\selectScene.h">
      <Filter>playGround\scene\CharacterSelect</Filter>
    </ClInclude>
    <ClInclude Include="scene\gamePlayScene.h">
      <Filter>playGround\scene\gamePlay</Filter>
    </ClInclude>
    <ClInclude Include="scene\introScene.h">
      <Filter>playGround\scene\intro</Filter>
    </ClInclude>
    <ClInclude Include="monster\bat.h">
      <Filter>playGround\MONSTER</Filter>
    </ClInclude>
    <ClInclude Include="monster\boss.h">
      <Filter>playGround\MONSTER</Filter>
    </ClInclude>
    <ClInclude Include="monster\monster.h">
      <Filter>playGround\MONSTER</Filter>
    </ClInclude>
    <ClInclude Include="monster\mouse.h">
      <Filter>playGround\MONSTER</Filter>
    </ClInclude>
    <ClInclude Include="monster\snake.h">
      <Filter>playGround\MONSTER</Filter>
    </ClInclude>
    <ClInclude Include="itemNPC\NPC\npc.h">
      <Filter>playGround\NPC</Filter>
    </ClInclude>
    <ClInclude Include="itemNPC\NPC\priest.h">
      <Filter>playGround\NPC</Filter>
    </ClInclude>
    <ClInclude Include="itemNPC\NPC\princess.h">
      <Filter>playGround\NPC</Filter>
    </ClInclude>
    <ClInclude Include="itemNPC\NPC\soldier.h">
      <Filter>playGround\NPC</Filter>
    </ClInclude>
    <ClInclude Include="itemNPC\NPC\uncle.h">
      <Filter>playGround\NPC</Filter>
    </ClInclude>
    <ClInclude Include="itemNPC\ITEM\itemManager.h">
      <Filter>playGround\ITEM</Filter>
    </ClInclude>
    <ClInclude Include="testScene.h">
      <Filter>playGround\NPC</Filter>
    </ClInclude>
    <ClInclude Include="keyAniManager.h">
      <Filter>2DFrameWork\Manager</Filter>
    </ClInclude>
    <ClInclude Include="OBJECTS\chestBox.h">
      <Filter>playGround\OBJECT</Filter>
    </ClInclude>
    <ClInclude Include="OBJECTS\grass.h">
      <Filter>playGround\OBJECT</Filter>
    </ClInclude>
    <ClInclude Include="OBJECTS\jar.h">
      <Filter>playGround\OBJECT</Filter>
    </ClInclude>
    <ClInclude Include="OBJECTS\objects.h">
      <Filter>playGround\OBJECT</Filter>
    </ClInclude>
    <ClInclude Include="monster\bluesoldier.h">
      <Filter>playGround\MONSTER</Filter>
    </ClInclude>
    <ClInclude Include="monster\greensoldier.h">
      <Filter>playGround\MONSTER</Filter>
    </ClInclude>
    <ClInclude Include="monster\monstermanager.h">
      <Filter>playGround\MONSTER</Filter>
    </ClInclude>
    <ClInclude Include="monster\spider.h">
      <Filter>playGround\MONSTER</Filter>
    </ClInclude>
    <ClInclude Include="stairsToPrincess.h">
      <Filter>헤더 파일</Filter>
    </ClInclude>
    <ClInclude Include="MAPS\bossRoom.h">
      <Filter>playGround\MAPMANAGER</Filter>
    </ClInclude>
    <ClInclude Include="MAPS\castle_1F.h">
      <Filter>playGround\MAPMANAGER</Filter>
    </ClInclude>
    <ClInclude Include="MAPS\castle_2F.h">
      <Filter>playGround\MAPMANAGER</Filter>
    </ClInclude>
    <ClInclude Include="MAPS\castle_B1F.h">
      <Filter>playGround\MAPMANAGER</Filter>
    </ClInclude>
    <ClInclude Include="MAPS\castleBasement.h">
      <Filter>playGround\MAPMANAGER</Filter>
    </ClInclude>
    <ClInclude Include="MAPS\insideHouse.h">
      <Filter>playGround\MAPMANAGER</Filter>
    </ClInclude>
    <ClInclude Include="MAPS\mapManager.h">
      <Filter>playGround\MAPMANAGER</Filter>
    </ClInclude>
    <ClInclude Include="MAPS\outsideHouse.h">
      <Filter>playGround\MAPMANAGER</Filter>
    </ClInclude>
    <ClInclude Include="MAPS\stairsToPrincess.h">
      <Filter>playGround\MAPMANAGER</Filter>
    </ClInclude>
    <ClInclude Include="itemNPC\ITEM\armours.h">
      <Filter>playGround\ITEM</Filter>
    </ClInclude>
    <ClInclude Include="itemNPC\ITEM\bombs.h">
      <Filter>playGround\ITEM</Filter>
    </ClInclude>
    <ClInclude Include="itemNPC\ITEM\boomerangs.h">
      <Filter>playGround\ITEM</Filter>
    </ClInclude>
    <ClInclude Include="itemNPC\ITEM\greenCrystals.h">
      <Filter>playGround\ITEM</Filter>
    </ClInclude>
    <ClInclude Include="itemNPC\ITEM\items.h">
      <Filter>playGround\ITEM</Filter>
    </ClInclude>
    <ClInclude Include="itemNPC\ITEM\keys.h">
      <Filter>playGround\ITEM</Filter>
    </ClInclude>
    <ClInclude Include="itemNPC\ITEM\lanterns.h">
      <Filter>playGround\ITEM</Filter>
    </ClInclude>
    <ClInclude Include="itemNPC\ITEM\lifeHearts.h">
      <Filter>playGround\ITEM</Filter>
    </ClInclude>
    <ClInclude Include="itemNPC\ITEM\purpleCrystals.h">
      <Filter>playGround\ITEM</Filter>
    </ClInclude>
    <ClInclude Include="itemNPC\ITEM\redCrystals.h">
      <Filter>playGround\ITEM</Filter>
    </ClInclude>
    <ClInclude Include="itemNPC\ITEM\shields.h">
      <Filter>playGround\ITEM</Filter>
    </ClInclude>
    <ClInclude Include="itemNPC\ITEM\swords.h">
      <Filter>playGround\ITEM</Filter>
    </ClInclude>
    <ClInclude Include="MAPS\maps.h">
      <Filter>playGround\MAPMANAGER</Filter>
    </ClInclude>
    <ClInclude Include="itemNPC\ITEM\dungeonMap.h">
      <Filter>playGround\ITEM</Filter>
    </ClInclude>
    <ClInclude Include="effect\blackCircle.h">
      <Filter>playGround\EFFECT</Filter>
    </ClInclude>
    <ClInclude Include="effect\raining.h">
      <Filter>playGround\EFFECT</Filter>
    </ClInclude>
    <ClInclude Include="UIManager\saveLoad.h">
      <Filter>playGround\UIManager\SaveSlot</Filter>
    </ClInclude>
  </ItemGroup>
  <ItemGroup>
    <ClCompile Include="stdafx.cpp">
      <Filter>소스 파일</Filter>
    </ClCompile>
    <ClCompile Include="winMain.cpp">
      <Filter>소스 파일</Filter>
    </ClCompile>
    <ClCompile Include="gameNode.cpp">
      <Filter>2DFrameWork</Filter>
    </ClCompile>
    <ClCompile Include="playGround.cpp">
      <Filter>playGround</Filter>
    </ClCompile>
    <ClCompile Include="keyManager.cpp">
      <Filter>2DFrameWork\Manager</Filter>
    </ClCompile>
    <ClCompile Include="utils.cpp">
      <Filter>2DFrameWork\UTIL</Filter>
    </ClCompile>
    <ClCompile Include="image.cpp">
      <Filter>2DFrameWork\image</Filter>
    </ClCompile>
    <ClCompile Include="imageManager.cpp">
      <Filter>2DFrameWork\Manager</Filter>
    </ClCompile>
    <ClCompile Include="progressBar.cpp">
      <Filter>2DFrameWork\progressBar</Filter>
    </ClCompile>
    <ClCompile Include="txtData.cpp">
      <Filter>2DFrameWork\txtData</Filter>
    </ClCompile>
    <ClCompile Include="timer.cpp">
      <Filter>2DFrameWork\timer</Filter>
    </ClCompile>
    <ClCompile Include="timeManager.cpp">
      <Filter>2DFrameWork\Manager</Filter>
    </ClCompile>
    <ClCompile Include="animation.cpp">
      <Filter>2DFrameWork\animation</Filter>
    </ClCompile>
    <ClCompile Include="effect.cpp">
      <Filter>2DFrameWork\effect</Filter>
    </ClCompile>
    <ClCompile Include="effectManager.cpp">
      <Filter>2DFrameWork\Manager</Filter>
    </ClCompile>
    <ClCompile Include="soundManager.cpp">
      <Filter>2DFrameWork\Manager</Filter>
    </ClCompile>
    <ClCompile Include="action.cpp">
      <Filter>2DFrameWork\action</Filter>
    </ClCompile>
    <ClCompile Include="collision.cpp">
      <Filter>2DFrameWork\UTIL</Filter>
    </ClCompile>
    <ClCompile Include="sceneManager.cpp">
      <Filter>2DFrameWork\Manager</Filter>
    </ClCompile>
    <ClCompile Include="button.cpp">
      <Filter>2DFrameWork\button</Filter>
    </ClCompile>
    <ClCompile Include="database.cpp">
      <Filter>2DFrameWork\database</Filter>
    </ClCompile>
    <ClCompile Include="explosionManager.cpp">
      <Filter>2DFrameWork\Manager</Filter>
    </ClCompile>
    <ClCompile Include="streamManager.cpp">
      <Filter>2DFrameWork\Manager</Filter>
    </ClCompile>
    <ClCompile Include="playGround + initialize.cpp">
      <Filter>playGround</Filter>
    </ClCompile>
    <ClCompile Include="loading.cpp">
      <Filter>2DFrameWork\loading</Filter>
    </ClCompile>
    <ClCompile Include="playGround+imagePack.cpp">
      <Filter>playGround</Filter>
    </ClCompile>
    <ClCompile Include="UIManager\Cursors.cpp">
      <Filter>playGround\UIManager</Filter>
    </ClCompile>
    <ClCompile Include="UIManager\UIManager.cpp">
      <Filter>playGround\UIManager</Filter>
    </ClCompile>
    <ClCompile Include="UIManager\DungeonMaps.cpp">
      <Filter>playGround\UIManager\Minimap</Filter>
    </ClCompile>
    <ClCompile Include="UIManager\WorldMaps.cpp">
      <Filter>playGround\UIManager\Minimap</Filter>
    </ClCompile>
    <ClCompile Include="UIManager\Inventories.cpp">
      <Filter>playGround\UIManager\Inventory</Filter>
    </ClCompile>
    <ClCompile Include="UIManager\StatusDisplays.cpp">
      <Filter>playGround\UIManager\StatusDisplay</Filter>
    </ClCompile>
    <ClCompile Include="playGround+update.cpp">
      <Filter>playGround</Filter>
    </ClCompile>
    <ClCompile Include="link\link.cpp">
      <Filter>playGround\LINK</Filter>
    </ClCompile>
    <ClCompile Include="scene\selectScene.cpp">
      <Filter>playGround\scene\CharacterSelect</Filter>
    </ClCompile>
    <ClCompile Include="scene\gamePlayScene.cpp">
      <Filter>playGround\scene\gamePlay</Filter>
    </ClCompile>
    <ClCompile Include="scene\introScene.cpp">
      <Filter>playGround\scene\intro</Filter>
    </ClCompile>
    <ClCompile Include="monster\bat.cpp">
      <Filter>playGround\MONSTER</Filter>
    </ClCompile>
    <ClCompile Include="monster\boss.cpp">
      <Filter>playGround\MONSTER</Filter>
    </ClCompile>
    <ClCompile Include="monster\monster.cpp">
      <Filter>playGround\MONSTER</Filter>
    </ClCompile>
    <ClCompile Include="monster\mouse.cpp">
      <Filter>playGround\MONSTER</Filter>
    </ClCompile>
    <ClCompile Include="monster\snake.cpp">
      <Filter>playGround\MONSTER</Filter>
    </ClCompile>
    <ClCompile Include="itemNPC\NPC\npc.cpp">
      <Filter>playGround\NPC</Filter>
    </ClCompile>
    <ClCompile Include="itemNPC\NPC\priest.cpp">
      <Filter>playGround\NPC</Filter>
    </ClCompile>
    <ClCompile Include="itemNPC\NPC\princess.cpp">
      <Filter>playGround\NPC</Filter>
    </ClCompile>
    <ClCompile Include="itemNPC\NPC\soldier.cpp">
      <Filter>playGround\NPC</Filter>
    </ClCompile>
    <ClCompile Include="itemNPC\NPC\uncle.cpp">
      <Filter>playGround\NPC</Filter>
    </ClCompile>
    <ClCompile Include="itemNPC\ITEM\itemManager.cpp">
      <Filter>playGround\ITEM</Filter>
    </ClCompile>
    <ClCompile Include="testScene.cpp">
      <Filter>playGround\NPC</Filter>
    </ClCompile>
    <ClCompile Include="keyAniManager.cpp">
      <Filter>2DFrameWork\Manager</Filter>
    </ClCompile>
    <ClCompile Include="OBJECTS\chestBox.cpp">
      <Filter>playGround\OBJECT</Filter>
    </ClCompile>
    <ClCompile Include="OBJECTS\grass.cpp">
      <Filter>playGround\OBJECT</Filter>
    </ClCompile>
    <ClCompile Include="OBJECTS\jar.cpp">
      <Filter>playGround\OBJECT</Filter>
    </ClCompile>
    <ClCompile Include="OBJECTS\objects.cpp">
      <Filter>playGround\OBJECT</Filter>
    </ClCompile>
    <ClCompile Include="monster\bluesoldier.cpp">
      <Filter>playGround\MONSTER</Filter>
    </ClCompile>
    <ClCompile Include="monster\greensoldier.cpp">
      <Filter>playGround\MONSTER</Filter>
    </ClCompile>
    <ClCompile Include="monster\monstermanager.cpp">
      <Filter>playGround\MONSTER</Filter>
    </ClCompile>
    <ClCompile Include="monster\spider.cpp">
      <Filter>playGround\MONSTER</Filter>
    </ClCompile>
    <ClCompile Include="MAPS\bossRoom.cpp">
      <Filter>playGround\MAPMANAGER</Filter>
    </ClCompile>
    <ClCompile Include="MAPS\castle_1F.cpp">
      <Filter>playGround\MAPMANAGER</Filter>
    </ClCompile>
    <ClCompile Include="MAPS\castle_2F.cpp">
      <Filter>playGround\MAPMANAGER</Filter>
    </ClCompile>
    <ClCompile Include="MAPS\castle_B1F.cpp">
      <Filter>playGround\MAPMANAGER</Filter>
    </ClCompile>
    <ClCompile Include="MAPS\castleBasement.cpp">
      <Filter>playGround\MAPMANAGER</Filter>
    </ClCompile>
    <ClCompile Include="MAPS\insideHouse.cpp">
      <Filter>playGround\MAPMANAGER</Filter>
    </ClCompile>
    <ClCompile Include="MAPS\mapManager.cpp">
      <Filter>playGround\MAPMANAGER</Filter>
    </ClCompile>
    <ClCompile Include="MAPS\outsideHouse.cpp">
      <Filter>playGround\MAPMANAGER</Filter>
    </ClCompile>
    <ClCompile Include="MAPS\stairsToPrincess.cpp">
      <Filter>playGround\MAPMANAGER</Filter>
    </ClCompile>
    <ClCompile Include="itemNPC\ITEM\armours.cpp">
      <Filter>playGround\ITEM</Filter>
    </ClCompile>
    <ClCompile Include="itemNPC\ITEM\bombs.cpp">
      <Filter>playGround\ITEM</Filter>
    </ClCompile>
    <ClCompile Include="itemNPC\ITEM\boomerangs.cpp">
      <Filter>playGround\ITEM</Filter>
    </ClCompile>
    <ClCompile Include="itemNPC\ITEM\greenCrystals.cpp">
      <Filter>playGround\ITEM</Filter>
    </ClCompile>
    <ClCompile Include="itemNPC\ITEM\items.cpp">
      <Filter>playGround\ITEM</Filter>
    </ClCompile>
    <ClCompile Include="itemNPC\ITEM\keys.cpp">
      <Filter>playGround\ITEM</Filter>
    </ClCompile>
    <ClCompile Include="itemNPC\ITEM\lanterns.cpp">
      <Filter>playGround\ITEM</Filter>
    </ClCompile>
    <ClCompile Include="itemNPC\ITEM\lifeHearts.cpp">
      <Filter>playGround\ITEM</Filter>
    </ClCompile>
    <ClCompile Include="itemNPC\ITEM\purpleCrystals.cpp">
      <Filter>playGround\ITEM</Filter>
    </ClCompile>
    <ClCompile Include="itemNPC\ITEM\redCrystals.cpp">
      <Filter>playGround\ITEM</Filter>
    </ClCompile>
    <ClCompile Include="itemNPC\ITEM\shields.cpp">
      <Filter>playGround\ITEM</Filter>
    </ClCompile>
    <ClCompile Include="itemNPC\ITEM\swords.cpp">
      <Filter>playGround\ITEM</Filter>
    </ClCompile>
    <ClCompile Include="MAPS\maps.cpp">
      <Filter>playGround\MAPMANAGER</Filter>
    </ClCompile>
    <ClCompile Include="itemNPC\ITEM\dungeonMap.cpp">
      <Filter>playGround\ITEM</Filter>
    </ClCompile>
    <ClCompile Include="effect\blackCircle.cpp">
      <Filter>playGround\EFFECT</Filter>
    </ClCompile>
    <ClCompile Include="effect\raining.cpp">
      <Filter>playGround\EFFECT</Filter>
    </ClCompile>
    <ClCompile Include="UIManager\saveLoad.cpp">
      <Filter>playGround\UIManager\SaveSlot</Filter>
    </ClCompile>
    <ClCompile Include="MAPS\mapManager+outsidCastle.cpp">
      <Filter>playGround\MAPMANAGER</Filter>
    </ClCompile>
    <ClCompile Include="MAPS\mapManager+insidetheCastle.cpp">
      <Filter>playGround\MAPMANAGER</Filter>
    </ClCompile>
    <ClCompile Include="MAPS\mapManager+blackCircle.cpp">
      <Filter>playGround\MAPMANAGER</Filter>
    </ClCompile>
  </ItemGroup>
  <ItemGroup>
    <Text Include="UIManager\Slot0.txt">
      <Filter>playGround\UIManager\SaveSlot</Filter>
    </Text>
    <Text Include="UIManager\Slot1.txt">
      <Filter>playGround\UIManager\SaveSlot</Filter>
    </Text>
    <Text Include="UIManager\Slot2.txt">
      <Filter>playGround\UIManager\SaveSlot</Filter>
    </Text>
  </ItemGroup>
  <ItemGroup>
    <None Include="ClassDiagram.cd" />
    <None Include="ClassDiagram1.cd" />
    <None Include="ClassDiagram2.cd" />
  </ItemGroup>
</Project>