<?xml version="1.0" encoding="utf-8"?>
<Project ToolsVersion="4.0" xmlns="http://schemas.microsoft.com/developer/msbuild/2003">
  <ItemGroup>
    <Filter Include="소스 파일">
      <UniqueIdentifier>{4FC737F1-C7A5-4376-A066-2A32D752A2FF}</UniqueIdentifier>
      <Extensions>cpp;c;cc;cxx;def;odl;idl;hpj;bat;asm;asmx</Extensions>
    </Filter>
    <Filter Include="헤더 파일">
      <UniqueIdentifier>{93995380-89BD-4b04-88EB-625FBE52EBFB}</UniqueIdentifier>
      <Extensions>h;hh;hpp;hxx;hm;inl;inc;ipp;xsd</Extensions>
    </Filter>
    <Filter Include="리소스 파일">
      <UniqueIdentifier>{67DA6AB6-F800-4c08-8B7A-83BB121AAD01}</UniqueIdentifier>
      <Extensions>rc;ico;cur;bmp;dlg;rc2;rct;bin;rgs;gif;jpg;jpeg;jpe;resx;tiff;tif;png;wav;mfcribbon-ms</Extensions>
    </Filter>
  </ItemGroup>
  <ItemGroup>
    <ClInclude Include="System\Astar\Astar.h">
      <Filter>헤더 파일</Filter>
    </ClInclude>
    <ClInclude Include="System\Bresenham\BresenhamLine.h">
      <Filter>헤더 파일</Filter>
    </ClInclude>
    <ClInclude Include="System\DatabaseHandler\DatabaseHandler.h">
      <Filter>헤더 파일</Filter>
    </ClInclude>
    <ClInclude Include="System\DatabaseHandler\ThreadLocalDatabaseHandler.h">
      <Filter>헤더 파일</Filter>
    </ClInclude>
    <ClInclude Include="System\Exception\Exception.h">
      <Filter>헤더 파일</Filter>
    </ClInclude>
    <ClInclude Include="System\JumpPointSearch\JumpPointSearch.h">
      <Filter>헤더 파일</Filter>
    </ClInclude>
    <ClInclude Include="System\Log\GameLog.h">
      <Filter>헤더 파일</Filter>
    </ClInclude>
    <ClInclude Include="System\Log\Log.h">
      <Filter>헤더 파일</Filter>
    </ClInclude>
    <ClInclude Include="System\Log\SystemLog.h">
      <Filter>헤더 파일</Filter>
    </ClInclude>
    <ClInclude Include="System\MemoryAllocator\MemoryAllocator.h">
      <Filter>헤더 파일</Filter>
    </ClInclude>
    <ClInclude Include="System\MemoryDumper\MemoryDumper.h">
      <Filter>헤더 파일</Filter>
    </ClInclude>
    <ClInclude Include="System\MySQL\include\mysql\psi\mysql_file.h">
      <Filter>헤더 파일</Filter>
    </ClInclude>
    <ClInclude Include="System\MySQL\include\mysql\psi\mysql_idle.h">
      <Filter>헤더 파일</Filter>
    </ClInclude>
    <ClInclude Include="System\MySQL\include\mysql\psi\mysql_mdl.h">
      <Filter>헤더 파일</Filter>
    </ClInclude>
    <ClInclude Include="System\MySQL\include\mysql\psi\mysql_memory.h">
      <Filter>헤더 파일</Filter>
    </ClInclude>
    <ClInclude Include="System\MySQL\include\mysql\psi\mysql_ps.h">
      <Filter>헤더 파일</Filter>
    </ClInclude>
    <ClInclude Include="System\MySQL\include\mysql\psi\mysql_socket.h">
      <Filter>헤더 파일</Filter>
    </ClInclude>
    <ClInclude Include="System\MySQL\include\mysql\psi\mysql_sp.h">
      <Filter>헤더 파일</Filter>
    </ClInclude>
    <ClInclude Include="System\MySQL\include\mysql\psi\mysql_stage.h">
      <Filter>헤더 파일</Filter>
    </ClInclude>
    <ClInclude Include="System\MySQL\include\mysql\psi\mysql_statement.h">
      <Filter>헤더 파일</Filter>
    </ClInclude>
    <ClInclude Include="System\MySQL\include\mysql\psi\mysql_table.h">
      <Filter>헤더 파일</Filter>
    </ClInclude>
    <ClInclude Include="System\MySQL\include\mysql\psi\mysql_thread.h">
      <Filter>헤더 파일</Filter>
    </ClInclude>
    <ClInclude Include="System\MySQL\include\mysql\psi\mysql_transaction.h">
      <Filter>헤더 파일</Filter>
    </ClInclude>
    <ClInclude Include="System\MySQL\include\mysql\psi\psi.h">
      <Filter>헤더 파일</Filter>
    </ClInclude>
    <ClInclude Include="System\MySQL\include\mysql\psi\psi_base.h">
      <Filter>헤더 파일</Filter>
    </ClInclude>
    <ClInclude Include="System\MySQL\include\mysql\psi\psi_memory.h">
      <Filter>헤더 파일</Filter>
    </ClInclude>
    <ClInclude Include="System\MySQL\include\mysql\client_authentication.h">
      <Filter>헤더 파일</Filter>
    </ClInclude>
    <ClInclude Include="System\MySQL\include\mysql\client_plugin.h">
      <Filter>헤더 파일</Filter>
    </ClInclude>
    <ClInclude Include="System\MySQL\include\mysql\get_password.h">
      <Filter>헤더 파일</Filter>
    </ClInclude>
    <ClInclude Include="System\MySQL\include\mysql\mysql_lex_string.h">
      <Filter>헤더 파일</Filter>
    </ClInclude>
    <ClInclude Include="System\MySQL\include\mysql\plugin_auth_common.h">
      <Filter>헤더 파일</Filter>
    </ClInclude>
    <ClInclude Include="System\MySQL\include\mysql\plugin_trace.h">
      <Filter>헤더 파일</Filter>
    </ClInclude>
    <ClInclude Include="System\MySQL\include\mysql\service_my_snprintf.h">
      <Filter>헤더 파일</Filter>
    </ClInclude>
    <ClInclude Include="System\MySQL\include\mysql\service_mysql_alloc.h">
      <Filter>헤더 파일</Filter>
    </ClInclude>
    <ClInclude Include="System\MySQL\include\big_endian.h">
      <Filter>헤더 파일</Filter>
    </ClInclude>
    <ClInclude Include="System\MySQL\include\binary_log_types.h">
      <Filter>헤더 파일</Filter>
    </ClInclude>
    <ClInclude Include="System\MySQL\include\byte_order_generic.h">
      <Filter>헤더 파일</Filter>
    </ClInclude>
    <ClInclude Include="System\MySQL\include\byte_order_generic_x86.h">
      <Filter>헤더 파일</Filter>
    </ClInclude>
    <ClInclude Include="System\MySQL\include\decimal.h">
      <Filter>헤더 파일</Filter>
    </ClInclude>
    <ClInclude Include="System\MySQL\include\errmsg.h">
      <Filter>헤더 파일</Filter>
    </ClInclude>
    <ClInclude Include="System\MySQL\include\keycache.h">
      <Filter>헤더 파일</Filter>
    </ClInclude>
    <ClInclude Include="System\MySQL\include\little_endian.h">
      <Filter>헤더 파일</Filter>
    </ClInclude>
    <ClInclude Include="System\MySQL\include\m_ctype.h">
      <Filter>헤더 파일</Filter>
    </ClInclude>
    <ClInclude Include="System\MySQL\include\m_string.h">
      <Filter>헤더 파일</Filter>
    </ClInclude>
    <ClInclude Include="System\MySQL\include\my_alloc.h">
      <Filter>헤더 파일</Filter>
    </ClInclude>
    <ClInclude Include="System\MySQL\include\my_byteorder.h">
      <Filter>헤더 파일</Filter>
    </ClInclude>
    <ClInclude Include="System\MySQL\include\my_command.h">
      <Filter>헤더 파일</Filter>
    </ClInclude>
    <ClInclude Include="System\MySQL\include\my_compiler.h">
      <Filter>헤더 파일</Filter>
    </ClInclude>
    <ClInclude Include="System\MySQL\include\my_config.h">
      <Filter>헤더 파일</Filter>
    </ClInclude>
    <ClInclude Include="System\MySQL\include\my_dbug.h">
      <Filter>헤더 파일</Filter>
    </ClInclude>
    <ClInclude Include="System\MySQL\include\my_dir.h">
      <Filter>헤더 파일</Filter>
    </ClInclude>
    <ClInclude Include="System\MySQL\include\my_getopt.h">
      <Filter>헤더 파일</Filter>
    </ClInclude>
    <ClInclude Include="System\MySQL\include\my_global.h">
      <Filter>헤더 파일</Filter>
    </ClInclude>
    <ClInclude Include="System\MySQL\include\my_list.h">
      <Filter>헤더 파일</Filter>
    </ClInclude>
    <ClInclude Include="System\MySQL\include\my_sys.h">
      <Filter>헤더 파일</Filter>
    </ClInclude>
    <ClInclude Include="System\MySQL\include\my_thread.h">
      <Filter>헤더 파일</Filter>
    </ClInclude>
    <ClInclude Include="System\MySQL\include\my_thread_local.h">
      <Filter>헤더 파일</Filter>
    </ClInclude>
    <ClInclude Include="System\MySQL\include\my_xml.h">
      <Filter>헤더 파일</Filter>
    </ClInclude>
    <ClInclude Include="System\MySQL\include\mysql.h">
      <Filter>헤더 파일</Filter>
    </ClInclude>
    <ClInclude Include="System\MySQL\include\mysql_com.h">
      <Filter>헤더 파일</Filter>
    </ClInclude>
    <ClInclude Include="System\MySQL\include\mysql_com_server.h">
      <Filter>헤더 파일</Filter>
    </ClInclude>
    <ClInclude Include="System\MySQL\include\mysql_embed.h">
      <Filter>헤더 파일</Filter>
    </ClInclude>
    <ClInclude Include="System\MySQL\include\mysql_time.h">
      <Filter>헤더 파일</Filter>
    </ClInclude>
    <ClInclude Include="System\MySQL\include\mysql_version.h">
      <Filter>헤더 파일</Filter>
    </ClInclude>
    <ClInclude Include="System\MySQL\include\mysqld_ername.h">
      <Filter>헤더 파일</Filter>
    </ClInclude>
    <ClInclude Include="System\MySQL\include\mysqld_error.h">
      <Filter>헤더 파일</Filter>
    </ClInclude>
    <ClInclude Include="System\MySQL\include\sql_common.h">
      <Filter>헤더 파일</Filter>
    </ClInclude>
    <ClInclude Include="System\MySQL\include\sql_state.h">
      <Filter>헤더 파일</Filter>
    </ClInclude>
    <ClInclude Include="System\MySQL\include\sslopt-case.h">
      <Filter>헤더 파일</Filter>
    </ClInclude>
    <ClInclude Include="System\MySQL\include\sslopt-longopts.h">
      <Filter>헤더 파일</Filter>
    </ClInclude>
    <ClInclude Include="System\MySQL\include\sslopt-vars.h">
      <Filter>헤더 파일</Filter>
    </ClInclude>
    <ClInclude Include="System\MySQL\include\thr_cond.h">
      <Filter>헤더 파일</Filter>
    </ClInclude>
    <ClInclude Include="System\MySQL\include\thr_mutex.h">
      <Filter>헤더 파일</Filter>
    </ClInclude>
    <ClInclude Include="System\MySQL\include\thr_rwlock.h">
      <Filter>헤더 파일</Filter>
    </ClInclude>
    <ClInclude Include="System\MySQL\include\typelib.h">
      <Filter>헤더 파일</Filter>
    </ClInclude>
    <ClInclude Include="System\Network\AsyncSelect\AsyncSelect.h">
      <Filter>헤더 파일</Filter>
    </ClInclude>
    <ClInclude Include="System\Network\IOCP\IOCP_Client\IOCP_Client.h">
      <Filter>헤더 파일</Filter>
    </ClInclude>
    <ClInclude Include="System\Network\IOCP\IOCP_InnerServer\IOCP_InnerServer.h">
      <Filter>헤더 파일</Filter>
    </ClInclude>
    <ClInclude Include="System\Network\IOCP\IOCP_OuterServer\IOCP_OuterServer.h">
      <Filter>헤더 파일</Filter>
    </ClInclude>
    <ClInclude Include="System\Network\IOCP\IOCP_Server\IOCP_Server.h">
      <Filter>헤더 파일</Filter>
    </ClInclude>
    <ClInclude Include="System\Network\IOCP\IOCP.h">
      <Filter>헤더 파일</Filter>
    </ClInclude>
    <ClInclude Include="System\Network\Select\Select.h">
      <Filter>헤더 파일</Filter>
    </ClInclude>
    <ClInclude Include="System\Network\Network.h">
      <Filter>헤더 파일</Filter>
    </ClInclude>
    <ClInclude Include="System\Parser\JSON_Parser.h">
      <Filter>헤더 파일</Filter>
    </ClInclude>
    <ClInclude Include="System\Parser\Parser.h">
      <Filter>헤더 파일</Filter>
    </ClInclude>
    <ClInclude Include="System\Pool\LockFreePool.h">
      <Filter>헤더 파일</Filter>
    </ClInclude>
    <ClInclude Include="System\Pool\Pool.h">
      <Filter>헤더 파일</Filter>
    </ClInclude>
    <ClInclude Include="System\Pool\QueryPacketPool.h">
      <Filter>헤더 파일</Filter>
    </ClInclude>
    <ClInclude Include="System\Pool\ThreadLocalChunk.h">
      <Filter>헤더 파일</Filter>
    </ClInclude>
    <ClInclude Include="System\Pool\ThreadLocalPool.h">
      <Filter>헤더 파일</Filter>
    </ClInclude>
    <ClInclude Include="System\Profiler\CPU_Profiler.h">
      <Filter>헤더 파일</Filter>
    </ClInclude>
    <ClInclude Include="System\Profiler\EthernetProfiler.h">
      <Filter>헤더 파일</Filter>
    </ClInclude>
    <ClInclude Include="System\Profiler\PDH_Profiler.h">
      <Filter>헤더 파일</Filter>
    </ClInclude>
    <ClInclude Include="System\Profiler\Profiler.h">
      <Filter>헤더 파일</Filter>
    </ClInclude>
    <ClInclude Include="System\Profiler\ThreadLocalProfiler.h">
      <Filter>헤더 파일</Filter>
    </ClInclude>
    <ClInclude Include="System\Queue\ByteQueue.h">
      <Filter>헤더 파일</Filter>
    </ClInclude>
    <ClInclude Include="System\Queue\DoubleByteQueue.h">
      <Filter>헤더 파일</Filter>
    </ClInclude>
    <ClInclude Include="System\Queue\LockFreeQueue.h">
      <Filter>헤더 파일</Filter>
    </ClInclude>
    <ClInclude Include="System\Queue\OldLockFreeQueue.h">
      <Filter>헤더 파일</Filter>
    </ClInclude>
    <ClInclude Include="System\Queue\Queue.h">
      <Filter>헤더 파일</Filter>
    </ClInclude>
    <ClInclude Include="System\Queue\SerialByteQueue.h">
      <Filter>헤더 파일</Filter>
    </ClInclude>
    <ClInclude Include="System\Queue\SerialPacketQueue.h">
      <Filter>헤더 파일</Filter>
    </ClInclude>
    <ClInclude Include="System\rapidjson\error\en.h">
      <Filter>헤더 파일</Filter>
    </ClInclude>
    <ClInclude Include="System\rapidjson\error\error.h">
      <Filter>헤더 파일</Filter>
    </ClInclude>
    <ClInclude Include="System\rapidjson\internal\biginteger.h">
      <Filter>헤더 파일</Filter>
    </ClInclude>
    <ClInclude Include="System\rapidjson\internal\diyfp.h">
      <Filter>헤더 파일</Filter>
    </ClInclude>
    <ClInclude Include="System\rapidjson\internal\dtoa.h">
      <Filter>헤더 파일</Filter>
    </ClInclude>
    <ClInclude Include="System\rapidjson\internal\ieee754.h">
      <Filter>헤더 파일</Filter>
    </ClInclude>
    <ClInclude Include="System\rapidjson\internal\itoa.h">
      <Filter>헤더 파일</Filter>
    </ClInclude>
    <ClInclude Include="System\rapidjson\internal\meta.h">
      <Filter>헤더 파일</Filter>
    </ClInclude>
    <ClInclude Include="System\rapidjson\internal\pow10.h">
      <Filter>헤더 파일</Filter>
    </ClInclude>
    <ClInclude Include="System\rapidjson\internal\regex.h">
      <Filter>헤더 파일</Filter>
    </ClInclude>
    <ClInclude Include="System\rapidjson\internal\stack.h">
      <Filter>헤더 파일</Filter>
    </ClInclude>
    <ClInclude Include="System\rapidjson\internal\strfunc.h">
      <Filter>헤더 파일</Filter>
    </ClInclude>
    <ClInclude Include="System\rapidjson\internal\strtod.h">
      <Filter>헤더 파일</Filter>
    </ClInclude>
    <ClInclude Include="System\rapidjson\internal\swap.h">
      <Filter>헤더 파일</Filter>
    </ClInclude>
    <ClInclude Include="System\rapidjson\msinttypes\inttypes.h">
      <Filter>헤더 파일</Filter>
    </ClInclude>
    <ClInclude Include="System\rapidjson\msinttypes\stdint.h">
      <Filter>헤더 파일</Filter>
    </ClInclude>
    <ClInclude Include="System\rapidjson\allocators.h">
      <Filter>헤더 파일</Filter>
    </ClInclude>
    <ClInclude Include="System\rapidjson\cursorstreamwrapper.h">
      <Filter>헤더 파일</Filter>
    </ClInclude>
    <ClInclude Include="System\rapidjson\document.h">
      <Filter>헤더 파일</Filter>
    </ClInclude>
    <ClInclude Include="System\rapidjson\encodedstream.h">
      <Filter>헤더 파일</Filter>
    </ClInclude>
    <ClInclude Include="System\rapidjson\encodings.h">
      <Filter>헤더 파일</Filter>
    </ClInclude>
    <ClInclude Include="System\rapidjson\filereadstream.h">
      <Filter>헤더 파일</Filter>
    </ClInclude>
    <ClInclude Include="System\rapidjson\filewritestream.h">
      <Filter>헤더 파일</Filter>
    </ClInclude>
    <ClInclude Include="System\rapidjson\fwd.h">
      <Filter>헤더 파일</Filter>
    </ClInclude>
    <ClInclude Include="System\rapidjson\istreamwrapper.h">
      <Filter>헤더 파일</Filter>
    </ClInclude>
    <ClInclude Include="System\rapidjson\memorybuffer.h">
      <Filter>헤더 파일</Filter>
    </ClInclude>
    <ClInclude Include="System\rapidjson\memorystream.h">
      <Filter>헤더 파일</Filter>
    </ClInclude>
    <ClInclude Include="System\rapidjson\ostreamwrapper.h">
      <Filter>헤더 파일</Filter>
    </ClInclude>
    <ClInclude Include="System\rapidjson\pointer.h">
      <Filter>헤더 파일</Filter>
    </ClInclude>
    <ClInclude Include="System\rapidjson\prettywriter.h">
      <Filter>헤더 파일</Filter>
    </ClInclude>
    <ClInclude Include="System\rapidjson\rapidjson.h">
      <Filter>헤더 파일</Filter>
    </ClInclude>
    <ClInclude Include="System\rapidjson\reader.h">
      <Filter>헤더 파일</Filter>
    </ClInclude>
    <ClInclude Include="System\rapidjson\schema.h">
      <Filter>헤더 파일</Filter>
    </ClInclude>
    <ClInclude Include="System\rapidjson\stream.h">
      <Filter>헤더 파일</Filter>
    </ClInclude>
    <ClInclude Include="System\rapidjson\stringbuffer.h">
      <Filter>헤더 파일</Filter>
    </ClInclude>
    <ClInclude Include="System\rapidjson\writer.h">
      <Filter>헤더 파일</Filter>
    </ClInclude>
    <ClInclude Include="System\Stack\LockFreeStack.h">
      <Filter>헤더 파일</Filter>
    </ClInclude>
    <ClInclude Include="System\Stack\OldLockFreeStack.h">
      <Filter>헤더 파일</Filter>
    </ClInclude>
    <ClInclude Include="System\Timer\Timer.h">
      <Filter>헤더 파일</Filter>
    </ClInclude>
    <ClInclude Include="System\Tree\BinaryTree.h">
      <Filter>헤더 파일</Filter>
    </ClInclude>
    <ClInclude Include="pch.h">
      <Filter>헤더 파일</Filter>
    </ClInclude>
    <ClInclude Include="System\GlobalHeader\GlobalDefinition.h">
      <Filter>헤더 파일</Filter>
    </ClInclude>
    <ClInclude Include="System\GlobalHeader\GlobalEnumeration.h">
      <Filter>헤더 파일</Filter>
    </ClInclude>
    <ClInclude Include="System\GlobalHeader\GlobalInclusion.h">
      <Filter>헤더 파일</Filter>
    </ClInclude>
    <ClInclude Include="System\GlobalHeader\GlobalStructure.h">
      <Filter>헤더 파일</Filter>
    </ClInclude>
    <ClInclude Include="System\GlobalHeader\GlobalTypeDefinition.h">
      <Filter>헤더 파일</Filter>
    </ClInclude>
    <ClInclude Include="System\GlobalHeader\GlobalUnion.h">
      <Filter>헤더 파일</Filter>
    </ClInclude>
  </ItemGroup>
  <ItemGroup>
    <ClCompile Include="System\Astar\Astar.cpp">
      <Filter>소스 파일</Filter>
    </ClCompile>
    <ClCompile Include="System\Bresenham\BresenhamLine.cpp">
      <Filter>소스 파일</Filter>
    </ClCompile>
    <ClCompile Include="System\DatabaseHandler\DatabaseHandler.cpp">
      <Filter>소스 파일</Filter>
    </ClCompile>
    <ClCompile Include="System\DatabaseHandler\ThreadLocalDatabaseHandler.cpp">
      <Filter>소스 파일</Filter>
    </ClCompile>
    <ClCompile Include="System\Exception\Exception.cpp">
      <Filter>소스 파일</Filter>
    </ClCompile>
    <ClCompile Include="System\JumpPointSearch\JumpPointSearch.cpp">
      <Filter>소스 파일</Filter>
    </ClCompile>
    <ClCompile Include="System\Log\GameLog.cpp">
      <Filter>소스 파일</Filter>
    </ClCompile>
    <ClCompile Include="System\Log\Log.cpp">
      <Filter>소스 파일</Filter>
    </ClCompile>
    <ClCompile Include="System\Log\SystemLog.cpp">
      <Filter>소스 파일</Filter>
    </ClCompile>
    <ClCompile Include="System\MemoryAllocator\MemoryAllocator.cpp">
      <Filter>소스 파일</Filter>
    </ClCompile>
    <ClCompile Include="System\MemoryDumper\MemoryDumper.cpp">
      <Filter>소스 파일</Filter>
    </ClCompile>
    <ClCompile Include="System\Network\AsyncSelect\AsyncSelect.cpp">
      <Filter>소스 파일</Filter>
    </ClCompile>
    <ClCompile Include="System\Network\IOCP\IOCP_Client\IOCP_Client.cpp">
      <Filter>소스 파일</Filter>
    </ClCompile>
    <ClCompile Include="System\Network\IOCP\IOCP_Client\IOCP_ClientPlus.cpp">
      <Filter>소스 파일</Filter>
    </ClCompile>
    <ClCompile Include="System\Network\IOCP\IOCP_Client\IOCP_ClientPlusPlus.cpp">
      <Filter>소스 파일</Filter>
    </ClCompile>
    <ClCompile Include="System\Network\IOCP\IOCP_InnerServer\IOCP_InnerServer.cpp">
      <Filter>소스 파일</Filter>
    </ClCompile>
    <ClCompile Include="System\Network\IOCP\IOCP_InnerServer\IOCP_InnerServerPlus.cpp">
      <Filter>소스 파일</Filter>
    </ClCompile>
    <ClCompile Include="System\Network\IOCP\IOCP_InnerServer\IOCP_InnerServerPlusPlus.cpp">
      <Filter>소스 파일</Filter>
    </ClCompile>
    <ClCompile Include="System\Network\IOCP\IOCP_OuterServer\IOCP_OuterServer.cpp">
      <Filter>소스 파일</Filter>
    </ClCompile>
    <ClCompile Include="System\Network\IOCP\IOCP_OuterServer\IOCP_OuterServerPlus.cpp">
      <Filter>소스 파일</Filter>
    </ClCompile>
    <ClCompile Include="System\Network\IOCP\IOCP_OuterServer\IOCP_OuterServerPlusPlus.cpp">
      <Filter>소스 파일</Filter>
    </ClCompile>
    <ClCompile Include="System\Network\IOCP\IOCP_Server\IOCP_Server.cpp">
      <Filter>소스 파일</Filter>
    </ClCompile>
    <ClCompile Include="System\Network\IOCP\IOCP_Server\IOCP_ServerPlus.cpp">
      <Filter>소스 파일</Filter>
    </ClCompile>
    <ClCompile Include="System\Network\IOCP\IOCP_Server\IOCP_ServerPlusPlus.cpp">
      <Filter>소스 파일</Filter>
    </ClCompile>
    <ClCompile Include="System\Network\Select\Select.cpp">
      <Filter>소스 파일</Filter>
    </ClCompile>
    <ClCompile Include="System\Parser\JSON_Parser.cpp">
      <Filter>소스 파일</Filter>
    </ClCompile>
    <ClCompile Include="System\Parser\Parser.cpp">
      <Filter>소스 파일</Filter>
    </ClCompile>
    <ClCompile Include="System\Pool\LockFreePool.cpp">
      <Filter>소스 파일</Filter>
    </ClCompile>
    <ClCompile Include="System\Pool\Pool.cpp">
      <Filter>소스 파일</Filter>
    </ClCompile>
    <ClCompile Include="System\Pool\QueryPacketPool.cpp">
      <Filter>소스 파일</Filter>
    </ClCompile>
    <ClCompile Include="System\Pool\ThreadLocalChunk.cpp">
      <Filter>소스 파일</Filter>
    </ClCompile>
    <ClCompile Include="System\Pool\ThreadLocalPool.cpp">
      <Filter>소스 파일</Filter>
    </ClCompile>
    <ClCompile Include="System\Profiler\CPU_Profiler.cpp">
      <Filter>소스 파일</Filter>
    </ClCompile>
    <ClCompile Include="System\Profiler\EthernetProfiler.cpp">
      <Filter>소스 파일</Filter>
    </ClCompile>
    <ClCompile Include="System\Profiler\PDH_Profiler.cpp">
      <Filter>소스 파일</Filter>
    </ClCompile>
    <ClCompile Include="System\Profiler\Profiler.cpp">
      <Filter>소스 파일</Filter>
    </ClCompile>
    <ClCompile Include="System\Profiler\ThreadLocalProfiler.cpp">
      <Filter>소스 파일</Filter>
    </ClCompile>
    <ClCompile Include="System\Queue\ByteQueue.cpp">
      <Filter>소스 파일</Filter>
    </ClCompile>
    <ClCompile Include="System\Queue\DoubleByteQueue.cpp">
      <Filter>소스 파일</Filter>
    </ClCompile>
    <ClCompile Include="System\Queue\LockFreeQueue.cpp">
      <Filter>소스 파일</Filter>
    </ClCompile>
    <ClCompile Include="System\Queue\OldLockFreeQueue.cpp">
      <Filter>소스 파일</Filter>
    </ClCompile>
    <ClCompile Include="System\Queue\Queue.cpp">
      <Filter>소스 파일</Filter>
    </ClCompile>
    <ClCompile Include="System\Queue\SerialByteQueue.cpp">
      <Filter>소스 파일</Filter>
    </ClCompile>
    <ClCompile Include="System\Queue\SerialPacketQueue.cpp">
      <Filter>소스 파일</Filter>
    </ClCompile>
    <ClCompile Include="System\Stack\LockFreeStack.cpp">
      <Filter>소스 파일</Filter>
    </ClCompile>
    <ClCompile Include="System\Stack\OldLockFreeStack.cpp">
      <Filter>소스 파일</Filter>
    </ClCompile>
    <ClCompile Include="System\Timer\Timer.cpp">
      <Filter>소스 파일</Filter>
    </ClCompile>
    <ClCompile Include="System\Tree\BinaryTree.cpp">
      <Filter>소스 파일</Filter>
    </ClCompile>
    <ClCompile Include="pch.cpp">
      <Filter>소스 파일</Filter>
    </ClCompile>
  </ItemGroup>
</Project>